// !$*UTF8*$!
{
	archiveVersion = 1;
	classes = {
	};
	objectVersion = 46;
	objects = {

/* Begin PBXBuildFile section */
		A4DCDB341B2ECB94003EBB72 /* gpu-miner.cl in Sources */ = {isa = PBXBuildFile; fileRef = A4DCDB301B2ECB94003EBB72 /* gpu-miner.cl */; };
		A4DCDB351B2ECB94003EBB72 /* main.c in Sources */ = {isa = PBXBuildFile; fileRef = A4DCDB311B2ECB94003EBB72 /* main.c */; };
		A4DCDB361B2ECB94003EBB72 /* network.c in Sources */ = {isa = PBXBuildFile; fileRef = A4DCDB321B2ECB94003EBB72 /* network.c */; };
		A4F04F181B2D69FF00D0B53D /* libcurl.dylib in Frameworks */ = {isa = PBXBuildFile; fileRef = A4F04F171B2D69FF00D0B53D /* libcurl.dylib */; };
/* End PBXBuildFile section */

/* Begin PBXCopyFilesBuildPhase section */
		A4F04F061B2D636900D0B53D /* CopyFiles */ = {
			isa = PBXCopyFilesBuildPhase;
			buildActionMask = 2147483647;
			dstPath = /usr/share/man/man1/;
			dstSubfolderSpec = 0;
			files = (
			);
			runOnlyForDeploymentPostprocessing = 1;
		};
/* End PBXCopyFilesBuildPhase section */

/* Begin PBXFileReference section */
		A4DCDB301B2ECB94003EBB72 /* gpu-miner.cl */ = {isa = PBXFileReference; fileEncoding = 4; lastKnownFileType = sourcecode.opencl; path = "gpu-miner.cl"; sourceTree = SOURCE_ROOT; };
		A4DCDB311B2ECB94003EBB72 /* main.c */ = {isa = PBXFileReference; fileEncoding = 4; lastKnownFileType = sourcecode.c.c; path = main.c; sourceTree = SOURCE_ROOT; };
		A4DCDB321B2ECB94003EBB72 /* network.c */ = {isa = PBXFileReference; fileEncoding = 4; lastKnownFileType = sourcecode.c.c; path = network.c; sourceTree = SOURCE_ROOT; };
		A4DCDB331B2ECB94003EBB72 /* network.h */ = {isa = PBXFileReference; fileEncoding = 4; lastKnownFileType = sourcecode.c.h; path = network.h; sourceTree = SOURCE_ROOT; };
		A4F04F081B2D636900D0B53D /* gpu-miner */ = {isa = PBXFileReference; explicitFileType = "compiled.mach-o.executable"; includeInIndex = 0; path = "gpu-miner"; sourceTree = BUILT_PRODUCTS_DIR; };
		A4F04F171B2D69FF00D0B53D /* libcurl.dylib */ = {isa = PBXFileReference; lastKnownFileType = "compiled.mach-o.dylib"; name = libcurl.dylib; path = usr/lib/libcurl.dylib; sourceTree = SDKROOT; };
/* End PBXFileReference section */

/* Begin PBXFrameworksBuildPhase section */
		A4F04F051B2D636900D0B53D /* Frameworks */ = {
			isa = PBXFrameworksBuildPhase;
			buildActionMask = 2147483647;
			files = (
				A4F04F181B2D69FF00D0B53D /* libcurl.dylib in Frameworks */,
			);
			runOnlyForDeploymentPostprocessing = 0;
		};
/* End PBXFrameworksBuildPhase section */

/* Begin PBXGroup section */
		A4F04EFF1B2D636900D0B53D = {
			isa = PBXGroup;
			children = (
				A4F04F171B2D69FF00D0B53D /* libcurl.dylib */,
				A4F04F0A1B2D636900D0B53D /* gpu-miner */,
				A4F04F091B2D636900D0B53D /* Products */,
			);
			sourceTree = "<group>";
		};
		A4F04F091B2D636900D0B53D /* Products */ = {
			isa = PBXGroup;
			children = (
				A4F04F081B2D636900D0B53D /* gpu-miner */,
			);
			name = Products;
			sourceTree = "<group>";
		};
		A4F04F0A1B2D636900D0B53D /* gpu-miner */ = {
			isa = PBXGroup;
			children = (
				A4DCDB321B2ECB94003EBB72 /* network.c */,
				A4DCDB331B2ECB94003EBB72 /* network.h */,
				A4DCDB301B2ECB94003EBB72 /* gpu-miner.cl */,
				A4DCDB311B2ECB94003EBB72 /* main.c */,
			);
			path = "gpu-miner";
			sourceTree = "<group>";
		};
/* End PBXGroup section */

/* Begin PBXNativeTarget section */
		A4F04F071B2D636900D0B53D /* gpu-miner */ = {
			isa = PBXNativeTarget;
			buildConfigurationList = A4F04F0F1B2D636900D0B53D /* Build configuration list for PBXNativeTarget "gpu-miner" */;
			buildPhases = (
				A4F04F041B2D636900D0B53D /* Sources */,
				A4F04F051B2D636900D0B53D /* Frameworks */,
				A4F04F061B2D636900D0B53D /* CopyFiles */,
			);
			buildRules = (
			);
			dependencies = (
			);
			name = "gpu-miner";
			productName = "gpu-miner";
			productReference = A4F04F081B2D636900D0B53D /* gpu-miner */;
			productType = "com.apple.product-type.tool";
		};
/* End PBXNativeTarget section */

/* Begin PBXProject section */
		A4F04F001B2D636900D0B53D /* Project object */ = {
			isa = PBXProject;
			attributes = {
				LastUpgradeCheck = 0630;
				ORGANIZATIONNAME = Mohamed;
				TargetAttributes = {
					A4F04F071B2D636900D0B53D = {
						CreatedOnToolsVersion = 6.3.2;
					};
				};
			};
			buildConfigurationList = A4F04F031B2D636900D0B53D /* Build configuration list for PBXProject "gpu-miner" */;
			compatibilityVersion = "Xcode 3.2";
			developmentRegion = English;
			hasScannedForEncodings = 0;
			knownRegions = (
				en,
			);
			mainGroup = A4F04EFF1B2D636900D0B53D;
			productRefGroup = A4F04F091B2D636900D0B53D /* Products */;
			projectDirPath = "";
			projectRoot = "";
			targets = (
				A4F04F071B2D636900D0B53D /* gpu-miner */,
			);
		};
/* End PBXProject section */

/* Begin PBXSourcesBuildPhase section */
		A4F04F041B2D636900D0B53D /* Sources */ = {
			isa = PBXSourcesBuildPhase;
			buildActionMask = 2147483647;
			files = (
				A4DCDB361B2ECB94003EBB72 /* network.c in Sources */,
				A4DCDB351B2ECB94003EBB72 /* main.c in Sources */,
				A4DCDB341B2ECB94003EBB72 /* gpu-miner.cl in Sources */,
			);
			runOnlyForDeploymentPostprocessing = 0;
		};
/* End PBXSourcesBuildPhase section */

/* Begin XCBuildConfiguration section */
		A4F04F0D1B2D636900D0B53D /* Debug */ = {
			isa = XCBuildConfiguration;
			buildSettings = {
				ALWAYS_SEARCH_USER_PATHS = NO;
				CLANG_CXX_LANGUAGE_STANDARD = "gnu++0x";
				CLANG_CXX_LIBRARY = "libc++";
				CLANG_ENABLE_MODULES = YES;
				CLANG_ENABLE_OBJC_ARC = YES;
				CLANG_WARN_BOOL_CONVERSION = YES;
				CLANG_WARN_CONSTANT_CONVERSION = YES;
				CLANG_WARN_DIRECT_OBJC_ISA_USAGE = YES_ERROR;
				CLANG_WARN_EMPTY_BODY = YES;
				CLANG_WARN_ENUM_CONVERSION = YES;
				CLANG_WARN_INT_CONVERSION = YES;
				CLANG_WARN_OBJC_ROOT_CLASS = YES_ERROR;
				CLANG_WARN_UNREACHABLE_CODE = YES;
				CLANG_WARN__DUPLICATE_METHOD_MATCH = YES;
				COPY_PHASE_STRIP = NO;
				DEBUG_INFORMATION_FORMAT = dwarf;
				ENABLE_STRICT_OBJC_MSGSEND = YES;
				GCC_C_LANGUAGE_STANDARD = gnu99;
				GCC_DYNAMIC_NO_PIC = NO;
				GCC_NO_COMMON_BLOCKS = YES;
				GCC_OPTIMIZATION_LEVEL = 0;
				GCC_PREPROCESSOR_DEFINITIONS = (
					"DEBUG=1",
					"$(inherited)",
				);
				GCC_SYMBOLS_PRIVATE_EXTERN = NO;
				GCC_WARN_64_TO_32_BIT_CONVERSION = YES;
				GCC_WARN_ABOUT_RETURN_TYPE = YES_ERROR;
				GCC_WARN_UNDECLARED_SELECTOR = YES;
				GCC_WARN_UNINITIALIZED_AUTOS = YES_AGGRESSIVE;
				GCC_WARN_UNUSED_FUNCTION = YES;
				GCC_WARN_UNUSED_VARIABLE = YES;
				MACOSX_DEPLOYMENT_TARGET = 10.10;
				MTL_ENABLE_DEBUG_INFO = YES;
				ONLY_ACTIVE_ARCH = YES;
				SDKROOT = macosx;
			};
			name = Debug;
		};
		A4F04F0E1B2D636900D0B53D /* Release */ = {
			isa = XCBuildConfiguration;
			buildSettings = {
				ALWAYS_SEARCH_USER_PATHS = NO;
				CLANG_CXX_LANGUAGE_STANDARD = "gnu++0x";
				CLANG_CXX_LIBRARY = "libc++";
				CLANG_ENABLE_MODULES = YES;
				CLANG_ENABLE_OBJC_ARC = YES;
				CLANG_WARN_BOOL_CONVERSION = YES;
				CLANG_WARN_CONSTANT_CONVERSION = YES;
				CLANG_WARN_DIRECT_OBJC_ISA_USAGE = YES_ERROR;
				CLANG_WARN_EMPTY_BODY = YES;
				CLANG_WARN_ENUM_CONVERSION = YES;
				CLANG_WARN_INT_CONVERSION = YES;
				CLANG_WARN_OBJC_ROOT_CLASS = YES_ERROR;
				CLANG_WARN_UNREACHABLE_CODE = YES;
				CLANG_WARN__DUPLICATE_METHOD_MATCH = YES;
				COPY_PHASE_STRIP = NO;
				DEBUG_INFORMATION_FORMAT = "dwarf-with-dsym";
				ENABLE_NS_ASSERTIONS = NO;
				ENABLE_STRICT_OBJC_MSGSEND = YES;
				GCC_C_LANGUAGE_STANDARD = gnu99;
				GCC_NO_COMMON_BLOCKS = YES;
				GCC_WARN_64_TO_32_BIT_CONVERSION = YES;
				GCC_WARN_ABOUT_RETURN_TYPE = YES_ERROR;
				GCC_WARN_UNDECLARED_SELECTOR = YES;
				GCC_WARN_UNINITIALIZED_AUTOS = YES_AGGRESSIVE;
				GCC_WARN_UNUSED_FUNCTION = YES;
				GCC_WARN_UNUSED_VARIABLE = YES;
				MACOSX_DEPLOYMENT_TARGET = 10.10;
				MTL_ENABLE_DEBUG_INFO = NO;
				SDKROOT = macosx;
			};
			name = Release;
		};
		A4F04F101B2D636900D0B53D /* Debug */ = {
			isa = XCBuildConfiguration;
			buildSettings = {
				PRODUCT_NAME = "$(TARGET_NAME)";
			};
			name = Debug;
		};
		A4F04F111B2D636900D0B53D /* Release */ = {
			isa = XCBuildConfiguration;
			buildSettings = {
				PRODUCT_NAME = "$(TARGET_NAME)";
			};
			name = Release;
		};
/* End XCBuildConfiguration section */

/* Begin XCConfigurationList section */
		A4F04F031B2D636900D0B53D /* Build configuration list for PBXProject "gpu-miner" */ = {
			isa = XCConfigurationList;
			buildConfigurations = (
				A4F04F0D1B2D636900D0B53D /* Debug */,
				A4F04F0E1B2D636900D0B53D /* Release */,
			);
			defaultConfigurationIsVisible = 0;
			defaultConfigurationName = Release;
		};
		A4F04F0F1B2D636900D0B53D /* Build configuration list for PBXNativeTarget "gpu-miner" */ = {
			isa = XCConfigurationList;
			buildConfigurations = (
				A4F04F101B2D636900D0B53D /* Debug */,
				A4F04F111B2D636900D0B53D /* Release */,
			);
			defaultConfigurationIsVisible = 0;
			defaultConfigurationName = Release;
		};
/* End XCConfigurationList section */
	};
	rootObject = A4F04F001B2D636900D0B53D /* Project object */;
}
